{
  "lockfileVersion": 1,
  "workspaces": {
    "": {
      "name": "karabiner.ts.examples",
      "devDependencies": {
        "@types/node": "^20",
        "karabiner.ts": "latest",
        "typescript": "^5",
      },
    },
  },
  "packages": {
    "@types/node": ["@types/node@20.17.19", "", { "dependencies": { "undici-types": "~6.19.2" } }, "sha512-LEwC7o1ifqg/6r2gn9Dns0f1rhK+fPFDoMiceTJ6kWmVk6bgXBI/9IOWfVan4WiAavK9pIVWdX0/e3J+eEUh5A=="],

    "karabiner.ts": ["karabiner.ts@1.31.0", "", {}, "sha512-adDTAFEDM5lhlOoHDI6yBOaTY/1WBQmukpiFpZPnnIv6uSiZLv2iTtBpCiqYypAfihCaHpl40kf/hc3ut7lR/g=="],

    "typescript": ["typescript@5.7.3", "", { "bin": { "tsc": "bin/tsc", "tsserver": "bin/tsserver" } }, "sha512-84MVSjMEHP+FQRPy3pX9sTVV/INIex71s9TL2Gm5FG/WG1SqXeKyZ0k7/blY/4FdOzI12CBy1vGc4og/eus0fw=="],

    "undici-types": ["undici-types@6.19.8", "", {}, "sha512-ve2KP6f/JnbPBFyobGHuerC9g1FYGn/F8n1LWTwNxCEzd6IfqTwUQcNXgEtmmQ6DlRrC1hrSrBnCZPokRrDHjw=="],
  }
}
